{
  "name": "@agent-handoff/readers",
  "version": "0.1.1",
  "lockfileVersion": 3,
  "requires": true,
  "packages": {
    "": {
      "name": "@agent-handoff/readers",
      "version": "0.1.1",
      "devDependencies": {
        "@types/node": "^26.6.3",
        "tsdown": "^0.23.0",
        "tsx": "^4.23.15",
        "typescript": "^7.0.2"
      },
      "engines": {
        "node": ">=22"
      }
    },
    "../../node_modules/.pnpm/@types+node@26.6.3/node_modules/@types/node": {
      "version": "26.6.3",
      "dev": true,
      "license": "MIT",
      "dependencies": {
        "undici-types": "~8.9.0"
      }
    },
    "../../node_modules/.pnpm/tsdown@0.23.0_tsx@4.23.15_typescript@7.0.2/node_modules/tsdown": {
      "version": "0.23.0",
      "dev": true,
      "license": "MIT",
      "dependencies": {
        "cac": "^7.0.0",
        "defu": "^6.1.7",
        "empathic": "^2.0.1",
        "hookable": "^6.1.1",
        "import-without-cache": "^0.4.0",
        "obug": "^2.1.4",
        "picomatch": "^4.0.7",
        "rolldown": "~1.2.7",
        "rolldown-plugin-dts": "^0.28.5",
        "tinyexec": "^1.3.1",
        "tinyglobby": "^0.2.17",
        "tree-kill": "^1.2.2",
        "unconfig-core": "^7.5.0",
        "verkit": "^0.4.0"
      },
      "bin": {
        "tsdown": "dist/run.mjs"
      },
      "devDependencies": {
        "@arethetypeswrong/core": "^0.18.5",
        "@sxzz/eslint-config": "^8.6.0",
        "@sxzz/prettier-config": "^2.3.2",
        "@sxzz/test-utils": "^0.5.18",
        "@tsdown/css": "0.23.0",
        "@tsdown/exe": "0.23.0",
        "@types/node": "^26.4.1",
        "@types/picomatch": "^4.0.3",
        "@typescript/native-preview": "npm:typescript@7.0.2",
        "@unocss/eslint-plugin": "^66.9.2",
        "@vitejs/devtools": "^0.7.1",
        "@vitest/coverage-v8": "^5.0.0",
        "@vitest/ui": "^5.0.0",
        "@vueuse/core": "^14.4.0",
        "actionspack": "^0.1.5",
        "baseline-browser-mapping": "^2.11.20",
        "bumpp": "^12.3.0",
        "dedent": "^1.7.2",
        "eslint": "^10.9.1",
        "memfs": "^4.69.1",
        "package-manager-detector": "^1.8.0",
        "pkg-types": "^2.3.2",
        "postcss": "^8.5.28",
        "postcss-import": "^17.0.0",
        "postcss-modules": "^9.0.1",
        "prettier": "^3.9.6",
        "publint": "^0.3.24",
        "rolldown-plugin-require-cjs": "^0.4.1",
        "sass": "^1.103.1",
        "tsnapi": "^1.4.2",
        "tsx": "^4.23.13",
        "typescript": "~6.0.3",
        "unocss": "^66.9.2",
        "unplugin-ast": "^0.19.0",
        "unplugin-raw": "^0.8.0",
        "unplugin-unused": "^0.6.0",
        "unplugin-vue": "^7.2.0",
        "unrun": "^0.3.1",
        "vite": "^8.2.2",
        "vitest": "^5.0.0",
        "vue": "^3.5.42"
      },
      "engines": {
        "node": "^22.18.0 || ^24.11.0 || >=26.0.0"
      },
      "funding": {
        "url": "https://github.com/sponsors/sxzz"
      },
      "peerDependencies": {
        "@arethetypeswrong/core": "^0.18.1",
        "@tsdown/css": "0.23.0",
        "@tsdown/exe": "0.23.0",
        "@vitejs/devtools": "*",
        "publint": "^0.3.8",
        "tsx": "*",
        "typescript": "^5.0.0 || ^6.0.0 || ^7.0.0",
        "unplugin-unused": ">=0.5.0",
        "unrun": "*"
      },
      "peerDependenciesMeta": {
        "@arethetypeswrong/core": {
          "optional": true
        },
        "@tsdown/css": {
          "optional": true
        },
        "@tsdown/exe": {
          "optional": true
        },
        "@vitejs/devtools": {
          "optional": true
        },
        "publint": {
          "optional": true
        },
        "tsx": {
          "optional": true
        },
        "typescript": {
          "optional": true
        },
        "unplugin-unused": {
          "optional": true
        },
        "unrun": {
          "optional": true
        }
      }
    },
    "../../node_modules/.pnpm/tsx@4.23.15/node_modules/tsx": {
      "version": "4.23.15",
      "dev": true,
      "license": "MIT",
      "dependencies": {
        "esbuild": "~0.28.0"
      },
      "bin": {
        "tsx": "dist/cli.mjs"
      },
      "engines": {
        "node": ">=18.0.0"
      },
      "optionalDependencies": {
        "fsevents": "~2.3.3"
      }
    },
    "../../node_modules/.pnpm/typescript@7.0.2/node_modules/typescript": {
      "version": "7.0.2",
      "dev": true,
      "license": "Apache-2.0",
      "bin": {
        "tsc": "bin/tsc"
      },
      "engines": {
        "node": ">=16.20.0"
      },
      "optionalDependencies": {
        "@typescript/typescript-aix-ppc64": "7.0.2",
        "@typescript/typescript-darwin-arm64": "7.0.2",
        "@typescript/typescript-darwin-x64": "7.0.2",
        "@typescript/typescript-freebsd-arm64": "7.0.2",
        "@typescript/typescript-freebsd-x64": "7.0.2",
        "@typescript/typescript-linux-arm": "7.0.2",
        "@typescript/typescript-linux-arm64": "7.0.2",
        "@typescript/typescript-linux-loong64": "7.0.2",
        "@typescript/typescript-linux-mips64el": "7.0.2",
        "@typescript/typescript-linux-ppc64": "7.0.2",
        "@typescript/typescript-linux-riscv64": "7.0.2",
        "@typescript/typescript-linux-s390x": "7.0.2",
        "@typescript/typescript-linux-x64": "7.0.2",
        "@typescript/typescript-netbsd-arm64": "7.0.2",
        "@typescript/typescript-netbsd-x64": "7.0.2",
        "@typescript/typescript-openbsd-arm64": "7.0.2",
        "@typescript/typescript-openbsd-x64": "7.0.2",
        "@typescript/typescript-sunos-x64": "7.0.2",
        "@typescript/typescript-win32-arm64": "7.0.2",
        "@typescript/typescript-win32-x64": "7.0.2"
      }
    },
    "node_modules/@types/node": {
      "resolved": "../../node_modules/.pnpm/@types+node@26.6.3/node_modules/@types/node",
      "link": true
    },
    "node_modules/tsdown": {
      "resolved": "../../node_modules/.pnpm/tsdown@0.23.0_tsx@4.23.15_typescript@7.0.2/node_modules/tsdown",
      "link": true
    },
    "node_modules/tsx": {
      "resolved": "../../node_modules/.pnpm/tsx@4.23.15/node_modules/tsx",
      "link": true
    },
    "node_modules/typescript": {
      "resolved": "../../node_modules/.pnpm/typescript@7.0.2/node_modules/typescript",
      "link": true
    }
  }
}
